{
    "_readme": [
        "This file locks the dependencies of your project to a known state",
        "Read more about it at https://getcomposer.org/doc/01-basic-usage.md#composer-lock-the-lock-file",
        "This file is @generated automatically"
    ],
    "hash": "1350713057ac455fe4b3a78fab38261b",
    "content-hash": "1add1a2c17f525986516a9bcb3d000de",
    "packages": [
        {
            "name": "gmbn/eventphp",
            "version": "dev-master",
            "source": {
                "type": "git",
                "url": "https://github.com/GMBN/EventPHP.git",
                "reference": "438fdeb37304fcd62dfc14cf9a61e30106d1e06e"
            },
            "dist": {
                "type": "zip",
                "url": "https://api.github.com/repos/GMBN/EventPHP/zipball/438fdeb37304fcd62dfc14cf9a61e30106d1e06e",
                "reference": "438fdeb37304fcd62dfc14cf9a61e30106d1e06e",
                "shasum": ""
            },
            "require": {
                "php": ">=5.4.0"
            },
            "type": "library",
            "autoload": {
                "psr-4": {
                    "EventPHP\\": "src/"
                }
            },
            "notification-url": "https://packagist.org/downloads/",
            "license": [
                "MIT"
            ],
            "authors": [
                {
                    "name": "Gian Nunes",
                    "email": "gianboschette@gmail.com",
                    "role": "Developer"
                }
            ],
            "description": "Manipulate events with php",
            "homepage": "https://github.com/GMBN/EventPHP",
            "keywords": [
                "event",
                "eventos",
                "jquery",
                "nodejs",
                "php"
            ],
            "time": "2016-12-02 13:41:45"
        }
    ],
    "packages-dev": [],
    "aliases": [],
    "minimum-stability": "stable",
    "stability-flags": {
        "gmbn/eventphp": 20
    },
    "prefer-stable": false,
    "prefer-lowest": false,
    "platform": [],
    "platform-dev": []
}
